
Microsoft Visual Studio Solution File, Format Version 12.00
# Visual Studio Version 17
VisualStudioVersion = 17.7.34031.279
MinimumVisualStudioVersion = 10.0.40219.1
Project("{FAE04EC0-301F-11D3-BF4B-00C04F79EFBC}") = "ScheduleX", "ScheduleX\ScheduleX.csproj", "{55DA4CF4-A260-4DAA-AE55-1BD06DA01660}"
EndProject
Global
	GlobalSection(SolutionConfigurationPlatforms) = preSolution
		Debug|Any CPU = Debug|Any CPU
		Release|Any CPU = Release|Any CPU
	EndGlobalSection
	GlobalSection(ProjectConfigurationPlatforms) = postSolution
		{55DA4CF4-A260-4DAA-AE55-1BD06DA01660}.Debug|Any CPU.ActiveCfg = Debug|Any CPU
		{55DA4CF4-A260-4DAA-AE55-1BD06DA01660}.Debug|Any CPU.Build.0 = Debug|Any CPU
		{55DA4CF4-A260-4DAA-AE55-1BD06DA01660}.Release|Any CPU.ActiveCfg = Release|Any CPU
		{55DA4CF4-A260-4DAA-AE55-1BD06DA01660}.Release|Any CPU.Build.0 = Release|Any CPU
	EndGlobalSection
	GlobalSection(SolutionProperties) = preSolution
		HideSolutionNode = FALSE
	EndGlobalSection
	GlobalSection(ExtensibilityGlobals) = postSolution
		SolutionGuid = {5E437019-1495-4930-BC16-21284B63EFAC}
	EndGlobalSection
EndGlobal
